
Microsoft Visual Studio Solution File, Format Version 12.00
# Visual Studio 15
VisualStudioVersion = 15.0.28010.2046
MinimumVisualStudioVersion = 10.0.40219.1
Project("{FAE04EC0-301F-11D3-BF4B-00C04F79EFBC}") = "noteappUI", "noteappUI\noteappUI.csproj", "{317205C7-7616-4B25-B293-F3193F0A403F}"
EndProject
Global
	GlobalSection(SolutionConfigurationPlatforms) = preSolution
		Debug|Any CPU = Debug|Any CPU
		Release|Any CPU = Release|Any CPU
	EndGlobalSection
	GlobalSection(ProjectConfigurationPlatforms) = postSolution
		{317205C7-7616-4B25-B293-F3193F0A403F}.Debug|Any CPU.ActiveCfg = Debug|Any CPU
		{317205C7-7616-4B25-B293-F3193F0A403F}.Debug|Any CPU.Build.0 = Debug|Any CPU
		{317205C7-7616-4B25-B293-F3193F0A403F}.Release|Any CPU.ActiveCfg = Release|Any CPU
		{317205C7-7616-4B25-B293-F3193F0A403F}.Release|Any CPU.Build.0 = Release|Any CPU
	EndGlobalSection
	GlobalSection(SolutionProperties) = preSolution
		HideSolutionNode = FALSE
	EndGlobalSection
	GlobalSection(ExtensibilityGlobals) = postSolution
		SolutionGuid = {493972F0-25DA-40DE-AB4A-37E5ADFFD19C}
	EndGlobalSection
EndGlobal
